
Microsoft Visual Studio Solution File, Format Version 12.00
# Visual Studio Version 17
VisualStudioVersion = 17.3.32804.467
MinimumVisualStudioVersion = 10.0.40219.1
Project("{9A19103F-16F7-4668-BE54-9A1E7A4F7556}") = "DataMigration", "DataMigration\DataMigration.csproj", "{76EAAFB8-2E6E-4287-A972-0C7063C94074}"
EndProject
Project("{2150E333-8FDC-42A3-9474-1A3956D46DE8}") = "Элементы решения", "Элементы решения", "{3EC90EA0-3F19-497C-8A3C-494A737210BB}"
EndProject
Global
	GlobalSection(SolutionConfigurationPlatforms) = preSolution
		Debug|Any CPU = Debug|Any CPU
		Release|Any CPU = Release|Any CPU
	EndGlobalSection
	GlobalSection(ProjectConfigurationPlatforms) = postSolution
		{76EAAFB8-2E6E-4287-A972-0C7063C94074}.Debug|Any CPU.ActiveCfg = Debug|Any CPU
		{76EAAFB8-2E6E-4287-A972-0C7063C94074}.Debug|Any CPU.Build.0 = Debug|Any CPU
		{76EAAFB8-2E6E-4287-A972-0C7063C94074}.Release|Any CPU.ActiveCfg = Release|Any CPU
		{76EAAFB8-2E6E-4287-A972-0C7063C94074}.Release|Any CPU.Build.0 = Release|Any CPU
	EndGlobalSection
	GlobalSection(SolutionProperties) = preSolution
		HideSolutionNode = FALSE
	EndGlobalSection
	GlobalSection(ExtensibilityGlobals) = postSolution
		SolutionGuid = {16B6F62F-346D-46C6-B816-8AF1BF1F93C2}
	EndGlobalSection
EndGlobal
